# THIS IS AN AUTOGENERATED FILE. DO NOT EDIT THIS FILE DIRECTLY.
# yarn lockfile v1


"@algolia/abtesting@1.16.0":
  version "1.16.0"
  resolved "https://registry.yarnpkg.com/@algolia/abtesting/-/abtesting-1.16.0.tgz#95ea80385775fd72a840306c0f6d2f4862fc5f61"
  integrity sha512-alHFZ68/i9qLC/muEB07VQ9r7cB8AvCcGX6dVQi2PNHhc/ZQRmmFAv8KK1ay4UiseGSFr7f0nXBKsZ/jRg7e4g==
  dependencies:
    "@algolia/client-common" "5.50.0"
    "@algolia/requester-browser-xhr" "5.50.0"
    "@algolia/requester-fetch" "5.50.0"
    "@algolia/requester-node-http" "5.50.0"

"@algolia/client-abtesting@5.50.0":
  version "5.50.0"
  resolved "https://registry.yarnpkg.com/@algolia/client-abtesting/-/client-abtesting-5.50.0.tgz#6dd0715c3881caea8dd37c3bf67954721e145190"
  integrity sha512-mfgUdLQNxOAvCZUGzPQxjahEWEPuQkKlV0ZtGmePOa9ZxIQZlk31vRBNbM6ScU8jTH41SCYE77G/lCifDr1SVw==
  dependencies:
    "@algolia/client-common" "5.50.0"
    "@algolia/requester-browser-xhr" "5.50.0"
    "@algolia/requester-fetch" "5.50.0"
    "@algolia/requester-node-http" "5.50.0"

"@algolia/client-analytics@5.50.0":
  version "5.50.0"
  resolved "https://registry.yarnpkg.com/@algolia/client-analytics/-/client-analytics-5.50.0.tgz#23b0e4e538d772308ed87c6d3105f2094da7a5e2"
  integrity sha512-5mjokeKYyPaP3Q8IYJEnutI+O4dW/Ixxx5IgsSxT04pCfGqPXxTOH311hTQxyNpcGGEOGrMv8n8Z+UMTPamioQ==
  dependencies:
    "@algolia/client-common" "5.50.0"
    "@algolia/requester-browser-xhr" "5.50.0"
    "@algolia/requester-fetch" "5.50.0"
    "@algolia/requester-node-http" "5.50.0"

"@algolia/client-common@5.50.0":
  version "5.50.0"
  resolved "https://registry.yarnpkg.com/@algolia/client-common/-/client-common-5.50.0.tgz#aec2bbd20fae474fb29eca3f8c83775dbd5d47de"
  integrity sha512-emtOvR6dl3rX3sBJXXbofMNHU1qMQqQSWu319RMrNL5BWoBqyiq7y0Zn6cjJm7aGHV/Qbf+KCCYeWNKEMPI3BQ==

"@algolia/client-insights@5.50.0":
  version "5.50.0"
  resolved "https://registry.yarnpkg.com/@algolia/client-insights/-/client-insights-5.50.0.tgz#9016b9ba96f96c4255416969fe8421ff62a2d4fd"
  integrity sha512-IerGH2/hcj/6bwkpQg/HHRqmlGN1XwygQWythAk0gZFBrghs9danJaYuSS3ShzLSVoIVth4jY5GDPX9Lbw5cgg==
  dependencies:
    "@algolia/client-common" "5.50.0"
    "@algolia/requester-browser-xhr" "5.50.0"
    "@algolia/requester-fetch" "5.50.0"
    "@algolia/requester-node-http" "5.50.0"

"@algolia/client-personalization@5.50.0":
  version "5.50.0"
  resolved "https://registry.yarnpkg.com/@algolia/client-personalization/-/client-personalization-5.50.0.tgz#68205733f2bc084b5dd78265d9a1f447ed816bd9"
  integrity sha512-3idPJeXn5L0MmgP9jk9JJqblrQ/SguN93dNK9z9gfgyupBhHnJMOEjrRYcVgTIfvG13Y04wO+Q0FxE2Ut8PVbA==
  dependencies:
    "@algolia/client-common" "5.50.0"
    "@algolia/requester-browser-xhr" "5.50.0"
    "@algolia/requester-fetch" "5.50.0"
    "@algolia/requester-node-http" "5.50.0"

"@algolia/client-query-suggestions@5.50.0":
  version "5.50.0"
  resolved "https://registry.yarnpkg.com/@algolia/client-query-suggestions/-/client-query-suggestions-5.50.0.tgz#49076fe425db1ac872f2a155d704946d9a784780"
  integrity sha512-q7qRoWrQK1a8m5EFQEmPlo7+pg9mVQ8X5jsChtChERre0uS2pdYEDixBBl0ydBSGkdGbLUDufcACIhH/077E4g==
  dependencies:
    "@algolia/client-common" "5.50.0"
    "@algolia/requester-browser-xhr" "5.50.0"
    "@algolia/requester-fetch" "5.50.0"
    "@algolia/requester-node-http" "5.50.0"

"@algolia/client-search@5.50.0":
  version "5.50.0"
  resolved "https://registry.yarnpkg.com/@algolia/client-search/-/client-search-5.50.0.tgz#c68668a63afbf27f7c2eb281aa51e87ac11d6973"
  integrity sha512-Jc360x4yqb3eEg4OY4KEIdGePBxZogivKI+OGIU8aLXgAYPTECvzeOBc90312yHA1hr3AeRlAFl0rIc8lQaIrQ==
  dependencies:
    "@algolia/client-common" "5.50.0"
    "@algolia/requester-browser-xhr" "5.50.0"
    "@algolia/requester-fetch" "5.50.0"
    "@algolia/requester-node-http" "5.50.0"

"@algolia/ingestion@1.50.0":
  version "1.50.0"
  resolved "https://registry.yarnpkg.com/@algolia/ingestion/-/ingestion-1.50.0.tgz#9ffde909fa4da9ef5223f447efbd9c67789cd74e"
  integrity sha512-OS3/Viao+NPpyBbEY3tf6hLewppG+UclD+9i0ju56mq2DrdMJFCkEky6Sk9S5VPcbLzxzg3BqBX6u9Q35w19aQ==
  dependencies:
    "@algolia/client-common" "5.50.0"
    "@algolia/requester-browser-xhr" "5.50.0"
    "@algolia/requester-fetch" "5.50.0"
    "@algolia/requester-node-http" "5.50.0"

"@algolia/monitoring@1.50.0":
  version "1.50.0"
  resolved "https://registry.yarnpkg.com/@algolia/monitoring/-/monitoring-1.50.0.tgz#c9c4ac64159844f0b7caf4f8efad9b0d81d8d307"
  integrity sha512-/znwgSiGufpbJVIoDmeQaHtTq+OMdDawFRbMSJVv+12n79hW+qdQXS8/Uu3BD3yn0BzgVFJEvrsHrCsInZKdhw==
  dependencies:
    "@algolia/client-common" "5.50.0"
    "@algolia/requester-browser-xhr" "5.50.0"
    "@algolia/requester-fetch" "5.50.0"
    "@algolia/requester-node-http" "5.50.0"

"@algolia/recommend@5.50.0":
  version "5.50.0"
  resolved "https://registry.yarnpkg.com/@algolia/recommend/-/recommend-5.50.0.tgz#8911c158a752bba1028a93462658e54870303139"
  integrity sha512-dHjUfu4jfjdQiKDpCpAnM7LP5yfG0oNShtfpF5rMCel6/4HIoqJ4DC4h5GKDzgrvJYtgAhblo0AYBmOM00T+lQ==
  dependencies:
    "@algolia/client-common" "5.50.0"
    "@algolia/requester-browser-xhr" "5.50.0"
    "@algolia/requester-fetch" "5.50.0"
    "@algolia/requester-node-http" "5.50.0"

"@algolia/requester-browser-xhr@5.50.0":
  version "5.50.0"
  resolved "https://registry.yarnpkg.com/@algolia/requester-browser-xhr/-/requester-browser-xhr-5.50.0.tgz#ae222fab442e78c8709f35555519e3fd43890557"
  integrity sha512-bffIbUljAWnh/Ctu5uScORajuUavqmZ0ACYd1fQQeSSYA9NNN83ynO26pSc2dZRXpSK0fkc1//qSSFXMKGu+aw==
  dependencies:
    "@algolia/client-common" "5.50.0"

"@algolia/requester-fetch@5.50.0":
  version "5.50.0"
  resolved "https://registry.yarnpkg.com/@algolia/requester-fetch/-/requester-fetch-5.50.0.tgz#cabe0e128122ed0f5493b4d1fb72bf26b5178fc5"
  integrity sha512-y0EwNvPGvkM+yTAqqO6Gpt9wVGm3CLDtpLvNEiB3VGvN3WzfkjZGtLUsG/ru2kVJIIU7QcV0puuYgEpBeFxcJg==
  dependencies:
    "@algolia/client-common" "5.50.0"

"@algolia/requester-node-http@5.50.0":
  version "5.50.0"
  resolved "https://registry.yarnpkg.com/@algolia/requester-node-http/-/requester-node-http-5.50.0.tgz#733bfe889e35baa03f7986dd46587741e035eec3"
  integrity sha512-xpwefe4fCOWnZgXCbkGpqQY6jgBSCf2hmgnySbyzZIccrv3SoashHKGPE4x6vVG+gdHrGciMTAcDo9HOZwH22Q==
  dependencies:
    "@algolia/client-common" "5.50.0"

algoliasearch@^5.50.0:
  version "5.50.0"
  resolved "https://registry.yarnpkg.com/algoliasearch/-/algoliasearch-5.50.0.tgz#f7e5cd00baaa1cc1a692f63a8b3d9f7337912e40"
  integrity sha512-yE5I83Q2s8euVou8Y3feXK08wyZInJWLYXgWO6Xti9jBUEZAGUahyeQ7wSZWkifLWVnQVKEz5RAmBlXG5nqxog==
  dependencies:
    "@algolia/abtesting" "1.16.0"
    "@algolia/client-abtesting" "5.50.0"
    "@algolia/client-analytics" "5.50.0"
    "@algolia/client-common" "5.50.0"
    "@algolia/client-insights" "5.50.0"
    "@algolia/client-personalization" "5.50.0"
    "@algolia/client-query-suggestions" "5.50.0"
    "@algolia/client-search" "5.50.0"
    "@algolia/ingestion" "1.50.0"
    "@algolia/monitoring" "1.50.0"
    "@algolia/recommend" "5.50.0"
    "@algolia/requester-browser-xhr" "5.50.0"
    "@algolia/requester-fetch" "5.50.0"
    "@algolia/requester-node-http" "5.50.0"
